uuid: 803943f3-ebee-4188-a3a5-fdcd3ff73264
langcode: en
status: true
dependencies:
  content:
    - 'block_content:dsi_block:d9f55438-e045-48b1-81ae-7fd5181ae64a'
  module:
    - block_content
    - block_visibility_groups
    - system
  theme:
    - madrone
id: madrone_newsarticlesheroblock
theme: madrone
region: content
weight: -4
provider: null
plugin: 'block_content:d9f55438-e045-48b1-81ae-7fd5181ae64a'
settings:
  id: 'block_content:d9f55438-e045-48b1-81ae-7fd5181ae64a'
  label: 'News & Articles Hero Block'
  label_display: '0'
  provider: block_content
  status: true
  info: ''
  view_mode: full
visibility:
  condition_group:
    id: condition_group
    negate: false
    block_visibility_group: ''
  request_path:
    id: request_path
    negate: false
    pages: "/tags/*\r\n"
