uuid: 77e03e74-b16b-4377-90ac-c623bc417f8b
langcode: en
status: true
dependencies:
  content:
    - 'block_content:footer_block:368840b8-828a-4bd8-b90c-c5c80711c436'
  module:
    - block_content
    - block_visibility_groups
  theme:
    - madrone
id: madrone_footerblock
theme: madrone
region: footer
weight: 0
provider: null
plugin: 'block_content:368840b8-828a-4bd8-b90c-c5c80711c436'
settings:
  id: 'block_content:368840b8-828a-4bd8-b90c-c5c80711c436'
  label: Footer
  label_display: '0'
  provider: block_content
  status: true
  info: ''
  view_mode: full
visibility:
  condition_group:
    id: condition_group
    negate: false
    block_visibility_group: ''
