uuid: 5aa54531-757d-4340-a95f-779fac9bcc2c
langcode: en
status: true
dependencies:
  content:
    - 'block_content:footer:506770f0-ca82-42d3-baca-8130d9b818d5'
  module:
    - block_content
    - block_visibility_groups
  theme:
    - madrone
id: madrone_contactfooterblock
theme: madrone
region: footer
weight: 0
provider: null
plugin: 'block_content:506770f0-ca82-42d3-baca-8130d9b818d5'
settings:
  id: 'block_content:506770f0-ca82-42d3-baca-8130d9b818d5'
  label: 'Contact Footer Block'
  label_display: '0'
  provider: block_content
  status: true
  info: ''
  view_mode: full
visibility:
  condition_group:
    id: condition_group
    negate: false
    block_visibility_group: ''
