uuid: 289b54b4-1090-44f3-9370-c36ba3af27a0
langcode: en
status: true
dependencies:
  content:
    - 'block_content:basic:b71d8772-5e6b-47bc-b8f5-59b9bbeaade6'
  module:
    - block_content
    - block_visibility_groups
  theme:
    - madrone
id: madrone_footerblock
theme: madrone
region: footer
weight: 0
provider: null
plugin: 'block_content:b71d8772-5e6b-47bc-b8f5-59b9bbeaade6'
settings:
  id: 'block_content:b71d8772-5e6b-47bc-b8f5-59b9bbeaade6'
  label: 'Footer block'
  label_display: '0'
  provider: block_content
  status: true
  info: ''
  view_mode: full
visibility:
  condition_group:
    id: condition_group
    negate: false
    block_visibility_group: ''
