uuid: 63839d8e-f4de-4e5c-921d-7845fe8b57b8
langcode: en
status: true
dependencies:
  module:
    - system
id: webform_staff_block
label: webform_staff_block
logic: and
conditions:
  fc619437-2ed6-4b28-9172-a750708d8a49:
    id: request_path
    negate: false
    uuid: fc619437-2ed6-4b28-9172-a750708d8a49
    pages: /webform/contact-us
allow_other_conditions: null
