uuid: 8f11d250-c3bd-4087-bff0-9d22fe6deafe
langcode: en
status: true
dependencies:
  content:
    - 'block_content:block_layout_builder:2a2713bd-6a35-4b8c-bcd9-571906b903ff'
  module:
    - block_content
    - block_visibility_groups
  theme:
    - madrone
id: madrone_footerblock
theme: madrone
region: footer
weight: 0
provider: null
plugin: 'block_content:2a2713bd-6a35-4b8c-bcd9-571906b903ff'
settings:
  id: 'block_content:2a2713bd-6a35-4b8c-bcd9-571906b903ff'
  label: 'Footer Block'
  label_display: '0'
  provider: block_content
  status: true
  info: ''
  view_mode: full
visibility:
  condition_group:
    id: condition_group
    negate: false
    block_visibility_group: ''
