uuid: a6f21156-3b3d-4d4e-b760-13f7d459f115
langcode: en
status: true
dependencies:
  config:
    - block_visibility_groups.block_visibility_group.user_layout
    - views.view.highlights
  module:
    - block_visibility_groups
    - views
  theme:
    - madrone
id: user_layout_highlights_block
theme: madrone
region: sidebar
weight: -8
provider: null
plugin: 'views_block:highlights-block'
settings:
  id: 'views_block:highlights-block'
  label: ''
  label_display: visible
  provider: views
  views_label: ''
  items_per_page: none
  exposed: {  }
visibility:
  condition_group:
    id: condition_group
    negate: false
    block_visibility_group: user_layout
