uuid: 9100c9fa-f5dc-445a-94f9-0fafbce6ba14
langcode: en
status: true
dependencies:
  config:
    - block_visibility_groups.block_visibility_group.main_sub_pages
    - views.view.highlights
  module:
    - block_visibility_groups
    - views
  theme:
    - madrone
id: main_sub_pages_highlights_block
theme: madrone
region: sidebar
weight: -8
provider: null
plugin: 'views_block:highlights-block'
settings:
  id: 'views_block:highlights-block'
  label: ''
  label_display: visible
  provider: views
  views_label: ''
  items_per_page: none
  exposed: {  }
visibility:
  condition_group:
    id: condition_group
    negate: false
    block_visibility_group: main_sub_pages
