uuid: 4e464792-23d9-414a-93e5-da67e3528ae2
langcode: en
status: true
dependencies:
  config:
    - block_visibility_groups.block_visibility_group.group_directory_layout
    - views.view.highlights
  module:
    - block_visibility_groups
    - views
  theme:
    - madrone
id: group_directory_layout_highlights_block
theme: madrone
region: sidebar
weight: -8
provider: null
plugin: 'views_block:highlights-block'
settings:
  id: 'views_block:highlights-block'
  label: ''
  label_display: visible
  provider: views
  views_label: ''
  items_per_page: none
  exposed: {  }
visibility:
  condition_group:
    id: condition_group
    negate: false
    block_visibility_group: group_directory_layout
