uuid: cc2c241d-7c16-4a14-b772-fef06bcc28f4
langcode: en
status: true
dependencies:
  config:
    - block_visibility_groups.block_visibility_group.feature_story
    - views.view.highlights
  module:
    - block_visibility_groups
    - views
  theme:
    - madrone
id: feature_story_highlights_block
theme: madrone
region: sidebar
weight: -7
provider: null
plugin: 'views_block:highlights-block'
settings:
  id: 'views_block:highlights-block'
  label: ''
  label_display: visible
  provider: views
  views_label: ''
  items_per_page: none
  exposed: {  }
visibility:
  condition_group:
    id: condition_group
    negate: false
    block_visibility_group: feature_story
