uuid: f629f283-0f63-4fac-bc34-a63f76b3bdbd
langcode: en
status: true
dependencies:
  content:
    - 'block_content:multi_column_footer:af7c08a8-8c66-4d57-bf12-08e464f51bc0'
  module:
    - block_content
    - block_visibility_groups
  theme:
    - madrone
id: madrone_newfooterblock
theme: madrone
region: footer
weight: 0
provider: null
plugin: 'block_content:af7c08a8-8c66-4d57-bf12-08e464f51bc0'
settings:
  id: 'block_content:af7c08a8-8c66-4d57-bf12-08e464f51bc0'
  label: 'new footer block'
  label_display: '0'
  provider: block_content
  status: true
  info: ''
  view_mode: full
visibility:
  condition_group:
    id: condition_group
    negate: false
    block_visibility_group: ''
