uuid: 3cac5314-c924-416a-b43a-38b312f3e127
langcode: en
status: false
dependencies:
  content:
    - 'block_content:basic:5d9ec519-7760-4057-96a6-2169dc14ec87'
  module:
    - block_content
    - block_visibility_groups
  theme:
    - madrone
id: footergridlayoutblock
theme: madrone
region: footer
weight: -25
provider: null
plugin: 'block_content:5d9ec519-7760-4057-96a6-2169dc14ec87'
settings:
  id: 'block_content:5d9ec519-7760-4057-96a6-2169dc14ec87'
  label: 'Footer Grid Layout Block'
  label_display: '0'
  provider: block_content
  status: true
  info: ''
  view_mode: full
visibility:
  condition_group:
    id: condition_group
    negate: false
    block_visibility_group: ''
