uuid: 5d54f890-91ae-4f1a-be41-309fc180b4a0
langcode: en
status: true
dependencies:
  content:
    - 'block_content:basic:dcba9317-1258-4955-ab0d-e0e786eaea28'
  module:
    - block_class
    - block_content
    - block_visibility_groups
  theme:
    - madrone
third_party_settings:
  block_class:
    classes: mb-5
id: madrone_globalfooterblock
theme: madrone
region: footer
weight: 0
provider: null
plugin: 'block_content:dcba9317-1258-4955-ab0d-e0e786eaea28'
settings:
  id: 'block_content:dcba9317-1258-4955-ab0d-e0e786eaea28'
  label: 'Global footer block'
  label_display: '0'
  provider: block_content
  status: true
  info: ''
  view_mode: full
visibility:
  condition_group:
    id: condition_group
    negate: false
    block_visibility_group: ''
