uuid: 5f7f33e5-7dd3-4c30-83b5-12c92e651f71
langcode: en
status: true
dependencies:
  module:
    - node
id: disciplines_block
label: 'Disciplines block'
logic: and
conditions:
  1758a318-8374-4e19-bac0-12fc3c3a9508:
    id: 'entity_bundle:node'
    negate: false
    uuid: 1758a318-8374-4e19-bac0-12fc3c3a9508
    context_mapping:
      node: '@node.node_route_context:node'
    bundles:
      degree_programs: degree_programs
allow_other_conditions: false
