uuid: b6853d8b-90c6-45ed-bc27-18a3f7d09e41
langcode: en
status: true
dependencies:
  module:
    - entity_reference_revisions
    - node
    - paragraphs
id: node.field_dp_numbers_block
field_name: field_dp_numbers_block
entity_type: node
type: entity_reference_revisions
settings:
  target_type: paragraph
module: entity_reference_revisions
locked: false
cardinality: 3
translatable: true
indexes: {  }
persist_with_no_fields: false
custom_storage: false
