uuid: ede836b9-0148-4997-9cbd-ef8a3e64dab0
langcode: en
status: false
dependencies:
  content:
    - 'block_content:basic:1bf05c8e-b476-4b5a-836d-b1741c1b01ea'
  module:
    - block_content
    - block_visibility_groups
  theme:
    - madrone
id: madrone_globalfooterblock
theme: madrone
region: footer
weight: -6
provider: null
plugin: 'block_content:1bf05c8e-b476-4b5a-836d-b1741c1b01ea'
settings:
  id: 'block_content:1bf05c8e-b476-4b5a-836d-b1741c1b01ea'
  label: 'Global Footer block'
  label_display: '0'
  provider: block_content
  status: true
  info: ''
  view_mode: full
visibility:
  condition_group:
    id: condition_group
    negate: false
    block_visibility_group: ''
