uuid: bb8de4c3-a88a-469b-8b27-c79db30f7444
langcode: en
status: true
dependencies:
  content:
    - 'block_content:footer_block:cd269aa4-700e-4eb9-b6fa-ff1ca98213c9'
  module:
    - block_content
    - block_visibility_groups
  theme:
    - madrone
id: madrone_footerblock
theme: madrone
region: footer
weight: 0
provider: null
plugin: 'block_content:cd269aa4-700e-4eb9-b6fa-ff1ca98213c9'
settings:
  id: 'block_content:cd269aa4-700e-4eb9-b6fa-ff1ca98213c9'
  label: 'Footer Block'
  label_display: '0'
  provider: block_content
  status: true
  info: ''
  view_mode: full
visibility:
  condition_group:
    id: condition_group
    negate: false
    block_visibility_group: ''
