uuid: e239bfcf-a6a3-43c9-b8e2-d17977c9a40f
langcode: en
status: true
dependencies:
  content:
    - 'block_content:basic:537b9e98-5b75-40c5-be33-2946e29316d0'
  module:
    - block_content
    - block_visibility_groups
  theme:
    - madrone
id: madrone_footerblock
theme: madrone
region: footer
weight: 0
provider: null
plugin: 'block_content:537b9e98-5b75-40c5-be33-2946e29316d0'
settings:
  id: 'block_content:537b9e98-5b75-40c5-be33-2946e29316d0'
  label: 'footer block'
  label_display: '0'
  provider: block_content
  status: true
  info: ''
  view_mode: full
visibility:
  condition_group:
    id: condition_group
    negate: false
    block_visibility_group: ''
