uuid: 8c3350f9-7c90-4197-b020-64429859c977
langcode: en
status: true
dependencies:
  content:
    - 'block_content:basic:e59560fc-f21f-41d3-a05f-e5490eeb6cec'
  module:
    - block_content
    - block_visibility_groups
  theme:
    - madrone
id: madrone_globalfooterblock
theme: madrone
region: footer
weight: 0
provider: null
plugin: 'block_content:e59560fc-f21f-41d3-a05f-e5490eeb6cec'
settings:
  id: 'block_content:e59560fc-f21f-41d3-a05f-e5490eeb6cec'
  label: 'Global Footer block'
  label_display: '0'
  provider: block_content
  status: true
  info: ''
  view_mode: full
visibility:
  condition_group:
    id: condition_group
    negate: false
    block_visibility_group: ''
