uuid: 05386d7b-1be5-411e-8aad-6de5d173d935
langcode: en
status: true
dependencies:
  config:
    - block_visibility_groups.block_visibility_group.transfer_students_landing_page
    - views.view.simple_tab_view
  module:
    - block_visibility_groups
    - views
  theme:
    - madrone
id: transfer_students_landing_page_simple_tab_view_block
theme: madrone
region: content
weight: -33
provider: null
plugin: 'views_block:simple_tab_view-block'
settings:
  id: 'views_block:simple_tab_view-block'
  label: ''
  label_display: visible
  provider: views
  views_label: ''
  items_per_page: none
  exposed: {  }
visibility:
  condition_group:
    id: condition_group
    negate: false
    block_visibility_group: transfer_students_landing_page
