uuid: 2c3cf52b-9166-4ad9-8c8b-41f220e74ac3
langcode: en
status: true
dependencies:
  config:
    - field.storage.node.field_research_link
    - node.type.research_news
    - node.type.research_news_external
  module:
    - link
    - node
    - user
id: research_news_block
label: 'Research News Block'
module: views
description: ''
tag: default
base_table: node_field_data
base_field: nid
display:
  default:
    id: default
    display_title: Master
    display_plugin: default
    position: 1
    display_options:
      title: '<none>'
      fields:
        title:
          id: title
          table: node_field_data
          field: title
          plugin_id: field
          label: ''
          alter:
            alter_text: false
            make_link: false
            absolute: false
            word_boundary: false
            ellipsis: false
            strip_tags: false
            trim: false
            html: false
          hide_empty: false
          empty_zero: false
          settings:
            link_to_entity: 1
        created:
          id: created
          table: node_field_data
          field: created
          relationship: none
          group_type: group
          plugin_id: field
          label: ''
          exclude: true
          alter:
            alter_text: false
            text: ''
            make_link: false
            path: ''
            absolute: false
            external: false
            replace_spaces: false
            path_case: none
            trim_whitespace: false
            alt: ''
            rel: ''
            link_class: ''
            prefix: ''
            suffix: ''
            target: ''
            nl2br: false
            max_length: null
            word_boundary: true
            ellipsis: true
            more_link: false
            more_link_text: ''
            more_link_path: ''
            strip_tags: false
            trim: false
            preserve_tags: ''
            html: false
          element_type: ''
          element_class: ''
          element_label_type: ''
          element_label_class: ''
          element_label_colon: false
          element_wrapper_type: ''
          element_wrapper_class: ''
          element_default_classes: true
          empty: ''
          hide_empty: false
          empty_zero: false
          hide_alter_empty: true
          settings:
            date_format: long
          ui_name: ''
          custom_date_format: ''
          second_date_format_custom: ''
          second_date_format: long
          timezone: ''
      pager:
        type: some
        options:
          offset: 0
          items_per_page: 3
      exposed_form:
        type: basic
      access:
        type: perm
        options:
          perm: 'access content'
        perm: 'access content'
      cache:
        type: none
      sorts:
        created:
          id: created
          table: node_field_data
          field: created
          relationship: none
          group_type: group
          plugin_id: date
          order: DESC
          expose:
            label: ''
          exposed: false
          granularity: second
          ui_name: ''
      filters:
        status:
          id: status
          table: node_field_data
          field: status
          plugin_id: boolean
          operator: '='
          value: '1'
          group: 1
          expose:
            operator: ''
        type:
          id: type
          table: node_field_data
          field: type
          relationship: none
          group_type: group
          plugin_id: bundle
          operator: in
          value:
            research_news: research_news
            research_news_external: research_news_external
          group: 1
          exposed: false
          expose:
            operator_id: ''
            label: ''
            description: ''
            use_operator: false
            operator: ''
            identifier: ''
            required: false
            remember: false
            multiple: false
            remember_roles:
              authenticated: authenticated
            reduce: false
            operator_label: ''
          is_grouped: false
          group_info:
            label: ''
            description: ''
            identifier: ''
            optional: true
            widget: select
            multiple: false
            remember: false
            default_group: All
            default_group_multiple: {  }
            group_items: {  }
          ui_name: ''
      style:
        type: default
        options:
          grouping: {  }
          row_class: ''
          default_row_class: true
          row_class_special: 1
          type: ul
          wrapper_class: item-list
          class: ''
      row:
        type: fields
      query:
        type: views_query
        options: {  }
      header: {  }
      display_extenders: {  }
      style_plugin: list
      style_options:
        grouping: {  }
        row_class: ''
        default_row_class: 1
        row_class_special: 1
        type: ul
        wrapper_class: item-list
        class: ''
    cache_metadata:
      max-age: -1
      contexts:
        - 'languages:language_content'
        - 'languages:language_interface'
        - 'user.node_grants:view'
        - user.permissions
      tags: {  }
  block:
    id: block
    display_title: Block
    display_plugin: block
    position: 2
    display_options:
      fields:
        title:
          id: title
          table: node_field_data
          field: title
          relationship: none
          group_type: group
          plugin_id: field
          label: ''
          exclude: true
          alter:
            alter_text: false
            text: ''
            make_link: false
            path: ''
            absolute: false
            external: false
            replace_spaces: false
            path_case: none
            trim_whitespace: false
            alt: ''
            rel: ''
            link_class: ''
            prefix: ''
            suffix: ''
            target: ''
            nl2br: false
            max_length: null
            word_boundary: false
            ellipsis: false
            more_link: false
            more_link_text: ''
            more_link_path: ''
            strip_tags: false
            trim: false
            preserve_tags: ''
            html: false
          element_type: ''
          element_class: ''
          element_label_type: ''
          element_label_class: ''
          element_label_colon: false
          element_wrapper_type: ''
          element_wrapper_class: ''
          element_default_classes: true
          empty: ''
          hide_empty: false
          empty_zero: false
          hide_alter_empty: true
          settings:
            link_to_entity: 0
          ui_name: ''
        path:
          id: path
          table: node
          field: view_node
          relationship: none
          group_type: group
          entity_type: node
          plugin_id: entity_link
          label: ''
          exclude: true
          alter:
            alter_text: false
            text: ''
            make_link: false
            path: ''
            absolute: false
            external: false
            replace_spaces: false
            path_case: none
            trim_whitespace: false
            alt: ''
            rel: ''
            link_class: ''
            prefix: ''
            suffix: ''
            target: ''
            nl2br: false
            max_length: null
            word_boundary: true
            ellipsis: true
            more_link: false
            more_link_text: ''
            more_link_path: ''
            strip_tags: false
            trim: false
            preserve_tags: ''
            html: false
          element_type: ''
          element_class: ''
          element_label_type: ''
          element_label_class: ''
          element_label_colon: false
          element_wrapper_type: ''
          element_wrapper_class: ''
          element_default_classes: true
          empty: ''
          hide_empty: false
          empty_zero: false
          hide_alter_empty: true
          absolute: false
          ui_name: ''
        field_research_link:
          id: field_research_link
          table: node__field_research_link
          field: field_research_link
          relationship: none
          group_type: group
          plugin_id: field
          label: ''
          exclude: true
          alter:
            alter_text: false
            text: ''
            make_link: false
            path: ''
            absolute: false
            external: false
            replace_spaces: false
            path_case: none
            trim_whitespace: false
            alt: ''
            rel: ''
            link_class: ''
            prefix: ''
            suffix: ''
            target: ''
            nl2br: false
            max_length: null
            word_boundary: true
            ellipsis: true
            more_link: false
            more_link_text: ''
            more_link_path: ''
            strip_tags: false
            trim: false
            preserve_tags: ''
            html: false
          element_type: ''
          element_class: ''
          element_label_type: ''
          element_label_class: ''
          element_label_colon: false
          element_wrapper_type: ''
          element_wrapper_class: ''
          element_default_classes: true
          empty: ''
          hide_empty: false
          empty_zero: false
          hide_alter_empty: true
          click_sort_column: url
          type: link
          settings: {  }
          group_column: ''
          group_columns: {  }
          group_rows: true
          delta_limit: 0
          delta_offset: 0
          delta_reversed: false
          delta_first_last: false
          multi_type: separator
          separator: ', '
          field_api_classes: false
          ui_name: ''
          delta_random: false
        views_conditional:
          id: views_conditional
          table: views_conditional
          field: views_conditional
          relationship: none
          group_type: group
          label: ''
          exclude: true
          alter:
            alter_text: false
            text: ''
            make_link: false
            path: ''
            absolute: false
            external: false
            replace_spaces: false
            path_case: none
            trim_whitespace: false
            alt: ''
            rel: ''
            link_class: ''
            prefix: ''
            suffix: ''
            target: ''
            nl2br: false
            max_length: null
            word_boundary: true
            ellipsis: true
            more_link: false
            more_link_text: ''
            more_link_path: ''
            strip_tags: false
            trim: false
            preserve_tags: ''
            html: false
          element_type: ''
          element_class: ''
          element_label_type: ''
          element_label_class: ''
          element_label_colon: false
          element_wrapper_type: ''
          element_wrapper_class: ''
          element_default_classes: true
          empty: ''
          hide_empty: false
          empty_zero: false
          hide_alter_empty: true
          ui_name: ''
          if: field_research_link
          condition: '5'
          equalto: ''
          then: '[path]'
          or: '[field_research_link]'
          strip_tags: 0
        created:
          id: created
          table: node_field_data
          field: created
          relationship: none
          group_type: group
          plugin_id: field
          label: ''
          exclude: true
          alter:
            alter_text: false
            text: ''
            make_link: false
            path: ''
            absolute: false
            external: false
            replace_spaces: false
            path_case: none
            trim_whitespace: false
            alt: ''
            rel: ''
            link_class: ''
            prefix: ''
            suffix: ''
            target: ''
            nl2br: false
            max_length: null
            word_boundary: true
            ellipsis: true
            more_link: false
            more_link_text: ''
            more_link_path: ''
            strip_tags: false
            trim: false
            preserve_tags: ''
            html: false
          element_type: ''
          element_class: ''
          element_label_type: ''
          element_label_class: ''
          element_label_colon: false
          element_wrapper_type: ''
          element_wrapper_class: ''
          element_default_classes: true
          empty: ''
          hide_empty: false
          empty_zero: false
          hide_alter_empty: true
          settings:
            date_format: custom
          ui_name: ''
          custom_date_format: m/d/y
          second_date_format_custom: ''
          second_date_format: long
          timezone: ''
        nothing:
          id: nothing
          table: views
          field: nothing
          relationship: none
          group_type: group
          plugin_id: custom
          label: ''
          exclude: false
          alter:
            alter_text: true
            text: '<a href="{{ views_conditional }}">{{ title }}</a> - {{ created }}'
            make_link: false
            path: ''
            absolute: false
            external: false
            replace_spaces: false
            path_case: none
            trim_whitespace: false
            alt: ''
            rel: ''
            link_class: ''
            prefix: ''
            suffix: ''
            target: ''
            nl2br: false
            max_length: null
            word_boundary: true
            ellipsis: true
            more_link: false
            more_link_text: ''
            more_link_path: ''
            strip_tags: false
            trim: false
            preserve_tags: ''
            html: false
          element_type: ''
          element_class: ''
          element_label_type: ''
          element_label_class: ''
          element_label_colon: false
          element_wrapper_type: ''
          element_wrapper_class: ''
          element_default_classes: true
          empty: ''
          hide_empty: false
          empty_zero: false
          hide_alter_empty: false
          ui_name: ''
      query:
        type: views_query
        options: {  }
      defaults:
        fields: false
        footer: false
      footer:
        area:
          id: area
          table: views
          field: area
          relationship: none
          group_type: group
          label: ''
          empty: false
          ui_name: ''
          content:
            value: '<a href="http://research.oregonstate.edu/research-news">See all news</a>'
            format: full_html
          tokenize: 0
      display_extenders: {  }
    cache_metadata:
      max-age: -1
      contexts:
        - 'languages:language_content'
        - 'languages:language_interface'
        - 'user.node_grants:view'
        - user.permissions
      tags:
        - 'config:field.storage.node.field_research_link'
  block_1:
    id: block_1
    display_title: 'All Stories'
    display_plugin: block
    position: 3
    display_options:
      fields:
        title:
          id: title
          table: node_field_data
          field: title
          relationship: none
          group_type: group
          plugin_id: field
          label: ''
          exclude: true
          alter:
            alter_text: false
            text: ''
            make_link: false
            path: ''
            absolute: false
            external: false
            replace_spaces: false
            path_case: none
            trim_whitespace: false
            alt: ''
            rel: ''
            link_class: ''
            prefix: ''
            suffix: ''
            target: ''
            nl2br: false
            max_length: null
            word_boundary: false
            ellipsis: false
            more_link: false
            more_link_text: ''
            more_link_path: ''
            strip_tags: false
            trim: false
            preserve_tags: ''
            html: false
          element_type: ''
          element_class: ''
          element_label_type: ''
          element_label_class: ''
          element_label_colon: false
          element_wrapper_type: ''
          element_wrapper_class: ''
          element_default_classes: true
          empty: ''
          hide_empty: false
          empty_zero: false
          hide_alter_empty: true
          settings:
            link_to_entity: 0
          ui_name: ''
        path:
          id: path
          table: node
          field: view_node
          relationship: none
          group_type: group
          entity_type: node
          plugin_id: entity_link
          label: ''
          exclude: true
          alter:
            alter_text: false
            text: ''
            make_link: false
            path: ''
            absolute: false
            external: false
            replace_spaces: false
            path_case: none
            trim_whitespace: false
            alt: ''
            rel: ''
            link_class: ''
            prefix: ''
            suffix: ''
            target: ''
            nl2br: false
            max_length: null
            word_boundary: true
            ellipsis: true
            more_link: false
            more_link_text: ''
            more_link_path: ''
            strip_tags: false
            trim: false
            preserve_tags: ''
            html: false
          element_type: ''
          element_class: ''
          element_label_type: ''
          element_label_class: ''
          element_label_colon: false
          element_wrapper_type: ''
          element_wrapper_class: ''
          element_default_classes: true
          empty: ''
          hide_empty: false
          empty_zero: false
          hide_alter_empty: true
          absolute: false
          ui_name: ''
        field_research_link:
          id: field_research_link
          table: node__field_research_link
          field: field_research_link
          relationship: none
          group_type: group
          plugin_id: field
          label: ''
          exclude: true
          alter:
            alter_text: false
            text: ''
            make_link: false
            path: ''
            absolute: false
            external: false
            replace_spaces: false
            path_case: none
            trim_whitespace: false
            alt: ''
            rel: ''
            link_class: ''
            prefix: ''
            suffix: ''
            target: ''
            nl2br: false
            max_length: null
            word_boundary: true
            ellipsis: true
            more_link: false
            more_link_text: ''
            more_link_path: ''
            strip_tags: false
            trim: false
            preserve_tags: ''
            html: false
          element_type: ''
          element_class: ''
          element_label_type: ''
          element_label_class: ''
          element_label_colon: false
          element_wrapper_type: ''
          element_wrapper_class: ''
          element_default_classes: true
          empty: ''
          hide_empty: false
          empty_zero: false
          hide_alter_empty: true
          click_sort_column: url
          type: link
          settings: {  }
          group_column: ''
          group_columns: {  }
          group_rows: true
          delta_limit: 0
          delta_offset: 0
          delta_reversed: false
          delta_first_last: false
          multi_type: separator
          separator: ', '
          field_api_classes: false
          ui_name: ''
          delta_random: false
        views_conditional:
          id: views_conditional
          table: views_conditional
          field: views_conditional
          relationship: none
          group_type: group
          label: ''
          exclude: true
          alter:
            alter_text: false
            text: ''
            make_link: false
            path: ''
            absolute: false
            external: false
            replace_spaces: false
            path_case: none
            trim_whitespace: false
            alt: ''
            rel: ''
            link_class: ''
            prefix: ''
            suffix: ''
            target: ''
            nl2br: false
            max_length: null
            word_boundary: true
            ellipsis: true
            more_link: false
            more_link_text: ''
            more_link_path: ''
            strip_tags: false
            trim: false
            preserve_tags: ''
            html: false
          element_type: ''
          element_class: ''
          element_label_type: ''
          element_label_class: ''
          element_label_colon: false
          element_wrapper_type: ''
          element_wrapper_class: ''
          element_default_classes: true
          empty: ''
          hide_empty: false
          empty_zero: false
          hide_alter_empty: true
          ui_name: ''
          if: field_research_link
          condition: '5'
          equalto: ''
          then: '[path]'
          or: '[field_research_link]'
          strip_tags: 0
        created:
          id: created
          table: node_field_data
          field: created
          relationship: none
          group_type: group
          plugin_id: field
          label: ''
          exclude: true
          alter:
            alter_text: false
            text: ''
            make_link: false
            path: ''
            absolute: false
            external: false
            replace_spaces: false
            path_case: none
            trim_whitespace: false
            alt: ''
            rel: ''
            link_class: ''
            prefix: ''
            suffix: ''
            target: ''
            nl2br: false
            max_length: null
            word_boundary: true
            ellipsis: true
            more_link: false
            more_link_text: ''
            more_link_path: ''
            strip_tags: false
            trim: false
            preserve_tags: ''
            html: false
          element_type: ''
          element_class: ''
          element_label_type: ''
          element_label_class: ''
          element_label_colon: false
          element_wrapper_type: ''
          element_wrapper_class: ''
          element_default_classes: true
          empty: ''
          hide_empty: false
          empty_zero: false
          hide_alter_empty: true
          settings:
            date_format: custom
          ui_name: ''
          custom_date_format: m/d/y
          second_date_format_custom: ''
          second_date_format: long
          timezone: ''
        nothing:
          id: nothing
          table: views
          field: nothing
          relationship: none
          group_type: group
          plugin_id: custom
          label: ''
          exclude: false
          alter:
            alter_text: true
            text: '<a href="{{ views_conditional }}">{{ title }}</a> - {{ created }}'
            make_link: false
            path: ''
            absolute: false
            external: false
            replace_spaces: false
            path_case: none
            trim_whitespace: false
            alt: ''
            rel: ''
            link_class: ''
            prefix: ''
            suffix: ''
            target: ''
            nl2br: false
            max_length: null
            word_boundary: true
            ellipsis: true
            more_link: false
            more_link_text: ''
            more_link_path: ''
            strip_tags: false
            trim: false
            preserve_tags: ''
            html: false
          element_type: ''
          element_class: ''
          element_label_type: ''
          element_label_class: ''
          element_label_colon: false
          element_wrapper_type: ''
          element_wrapper_class: ''
          element_default_classes: true
          empty: ''
          hide_empty: false
          empty_zero: false
          hide_alter_empty: false
          ui_name: ''
      pager:
        type: none
        options:
          offset: 0
      query:
        type: views_query
        options: {  }
      defaults:
        pager: false
        fields: false
        footer: false
        pager_options: false
      display_description: ''
      footer:
        area:
          id: area
          table: views
          field: area
          relationship: none
          group_type: group
          label: ''
          empty: false
          ui_name: ''
          content:
            value: '<a href="http://research.oregonstate.edu/research-news">See all news</a>'
            format: full_html
          tokenize: 0
      display_extenders: {  }
      pager_options: null
    cache_metadata:
      max-age: -1
      contexts:
        - 'languages:language_content'
        - 'languages:language_interface'
        - 'user.node_grants:view'
        - user.permissions
      tags:
        - 'config:field.storage.node.field_research_link'
