uuid: 15163442-288c-4c5e-bf41-59f417932479
langcode: en
status: true
dependencies:
  config:
    - views.view.gallery_grid
  module:
    - block_visibility_groups
    - system
    - views
  theme:
    - madrone
id: views_block__gallery_grid_block
theme: madrone
region: content
weight: 0
provider: null
plugin: 'views_block:gallery_grid-block'
settings:
  id: 'views_block:gallery_grid-block'
  label: Gallery
  label_display: visible
  provider: views
  views_label: Gallery
  items_per_page: none
  exposed: {  }
visibility:
  condition_group:
    id: condition_group
    negate: false
    block_visibility_group: ''
  request_path:
    id: request_path
    negate: false
    pages: /map-and-image-galleries
