uuid: c125fa06-64d3-4581-a68a-b05862ee1a38
langcode: en
status: true
dependencies:
  content:
    - 'block_content:basic:0c9e0f3c-7a11-4d17-a650-8ea37899f121'
  module:
    - block_class
    - block_content
    - block_visibility_groups
  theme:
    - madrone
id: madrone_footerblock
theme: madrone
region: footer
weight: 0
provider: null
plugin: 'block_content:0c9e0f3c-7a11-4d17-a650-8ea37899f121'
settings:
  id: 'block_content:0c9e0f3c-7a11-4d17-a650-8ea37899f121'
  label: 'Footer block'
  label_display: '0'
  provider: block_content
  status: true
  info: ''
  view_mode: full
visibility:
  condition_group:
    id: condition_group
    negate: false
    block_visibility_group: ''
