uuid: 2b54614d-1c47-4897-83bc-0ea6c4bec8ad
langcode: en
status: true
dependencies:
  content:
    - 'block_content:basic:62aebec5-4bb7-4010-a9da-d37213e66ec3'
  module:
    - block_content
    - block_visibility_groups
  theme:
    - madrone
id: madrone_footerblock
theme: madrone
region: footer
weight: 0
provider: null
plugin: 'block_content:62aebec5-4bb7-4010-a9da-d37213e66ec3'
settings:
  id: 'block_content:62aebec5-4bb7-4010-a9da-d37213e66ec3'
  label: 'Footer block'
  label_display: '0'
  provider: block_content
  status: true
  info: ''
  view_mode: full
visibility:
  condition_group:
    id: condition_group
    negate: false
    block_visibility_group: ''
