uuid: bac7dd90-b673-4f73-be83-515b0da1e758
langcode: en
status: true
dependencies:
  module:
    - block_visibility_groups
id: lead_in_color_block
label: 'Lead in Color Block'
code: |2-
     .color-block {
              width: 75px;
              height: 4px;
              background-color: #d73f09;
              margin-bottom: 25px;
          }
media: all
preprocess: true
conditions:
  condition_group:
    id: condition_group
    negate: false
    block_visibility_group: ''
contexts: {  }
conditions_require_all: true
