uuid: 36ce08ec-14ae-45c8-a14a-83cb3636024b
langcode: en
status: true
dependencies:
  content:
    - 'block_content:basic:f969a3ad-6bb1-4c0e-87ab-15c8ca7356f5'
  module:
    - block_content
    - block_visibility_groups
  theme:
    - madrone
id: madrone_studentcarefooterblock
theme: madrone
region: footer
weight: 0
provider: null
plugin: 'block_content:f969a3ad-6bb1-4c0e-87ab-15c8ca7356f5'
settings:
  id: 'block_content:f969a3ad-6bb1-4c0e-87ab-15c8ca7356f5'
  label: 'Student Care Footer Block'
  label_display: '0'
  provider: block_content
  status: true
  info: ''
  view_mode: full
visibility:
  condition_group:
    id: condition_group
    negate: false
    block_visibility_group: ''
