uuid: 4c9bc004-2f3d-47bf-bfa5-b306bdd51d81
langcode: en
status: true
dependencies:
  config:
    - views.view.osu_stories
  module:
    - block_visibility_groups
    - system
    - views
  theme:
    - madrone
id: madrone_views_block__osu_stories_landing_page_stories_block
theme: madrone
region: pre_footer
weight: -9
provider: null
plugin: 'views_block:osu_stories-landing_page_stories_block'
settings:
  id: 'views_block:osu_stories-landing_page_stories_block'
  label: ''
  label_display: visible
  provider: views
  views_label: ''
  items_per_page: none
  exposed: {  }
visibility:
  condition_group:
    id: condition_group
    negate: false
    block_visibility_group: ''
  request_path:
    id: request_path
    negate: false
    pages: '<front>'
