uuid: 5713bd7c-03f9-4103-ae33-87f7434a5b85
langcode: en
status: true
dependencies:
  content:
    - 'block_content:basic:e76529dd-121f-471a-b61d-df069a5ef6c5'
  module:
    - block_content
    - block_visibility_groups
    - system
  theme:
    - madrone
id: madrone_footerblock
theme: madrone
region: footer
weight: 0
provider: null
plugin: 'block_content:e76529dd-121f-471a-b61d-df069a5ef6c5'
settings:
  id: 'block_content:e76529dd-121f-471a-b61d-df069a5ef6c5'
  label: 'Footer Block'
  label_display: '0'
  provider: block_content
  status: true
  info: ''
  view_mode: full
visibility:
  condition_group:
    id: condition_group
    negate: false
    block_visibility_group: ''
  request_path:
    id: request_path
    negate: true
    pages: /group/1
