uuid: 981a66ac-ec9d-427c-a455-cbe48ea232f3
langcode: en
status: true
dependencies:
  enforced:
    module:
      - paragraphs_to_layout_builder
      - osu_migrations
_core:
  default_config_hash: 174pzHePcypHBwfOv1J8Q2ks65JwI0otD0-d_OPh-A4
id: paragraph_block
label: 'Paragraph block'
revision: false
description: 'Block used to migrate paragraphs from d7 site'
